
Microsoft Visual Studio Solution File, Format Version 12.00
# Visual Studio 2013
VisualStudioVersion = 12.0.31101.0
MinimumVisualStudioVersion = 10.0.40219.1
Project("{FAE04EC0-301F-11D3-BF4B-00C04F79EFBC}") = "GitStats", "GitStats\GitStats.csproj", "{648DCFF2-8728-4F95-B496-1BCC99EC8F3F}"
EndProject
Project("{FAE04EC0-301F-11D3-BF4B-00C04F79EFBC}") = "GitStats.Core", "GitStats.Core\GitStats.Core.csproj", "{D3C838C2-93C1-4F00-88EF-91082E9CB7A5}"
EndProject
Project("{FAE04EC0-301F-11D3-BF4B-00C04F79EFBC}") = "GitStats.Web", "GitStats.Web\GitStats.Web.csproj", "{B9595E92-F52E-4ED8-BD11-4BC20609DAA9}"
EndProject
Project("{FAE04EC0-301F-11D3-BF4B-00C04F79EFBC}") = "GitStats.Web.Tests", "GitStats.Web.Tests\GitStats.Web.Tests.csproj", "{ED45CF53-A09F-45E8-9208-6A8E0B079027}"
EndProject
Project("{FAE04EC0-301F-11D3-BF4B-00C04F79EFBC}") = "GitStats.Domain.Models", "GitStats.Domain.Models\GitStats.Domain.Models.csproj", "{0C26FF79-6A9B-4222-9B57-017901E8179F}"
EndProject
Global
	GlobalSection(SolutionConfigurationPlatforms) = preSolution
		Debug|Any CPU = Debug|Any CPU
		Release|Any CPU = Release|Any CPU
	EndGlobalSection
	GlobalSection(ProjectConfigurationPlatforms) = postSolution
		{648DCFF2-8728-4F95-B496-1BCC99EC8F3F}.Debug|Any CPU.ActiveCfg = Debug|Any CPU
		{648DCFF2-8728-4F95-B496-1BCC99EC8F3F}.Debug|Any CPU.Build.0 = Debug|Any CPU
		{648DCFF2-8728-4F95-B496-1BCC99EC8F3F}.Release|Any CPU.ActiveCfg = Release|Any CPU
		{648DCFF2-8728-4F95-B496-1BCC99EC8F3F}.Release|Any CPU.Build.0 = Release|Any CPU
		{D3C838C2-93C1-4F00-88EF-91082E9CB7A5}.Debug|Any CPU.ActiveCfg = Debug|Any CPU
		{D3C838C2-93C1-4F00-88EF-91082E9CB7A5}.Debug|Any CPU.Build.0 = Debug|Any CPU
		{D3C838C2-93C1-4F00-88EF-91082E9CB7A5}.Release|Any CPU.ActiveCfg = Release|Any CPU
		{D3C838C2-93C1-4F00-88EF-91082E9CB7A5}.Release|Any CPU.Build.0 = Release|Any CPU
		{B9595E92-F52E-4ED8-BD11-4BC20609DAA9}.Debug|Any CPU.ActiveCfg = Debug|Any CPU
		{B9595E92-F52E-4ED8-BD11-4BC20609DAA9}.Debug|Any CPU.Build.0 = Debug|Any CPU
		{B9595E92-F52E-4ED8-BD11-4BC20609DAA9}.Release|Any CPU.ActiveCfg = Release|Any CPU
		{B9595E92-F52E-4ED8-BD11-4BC20609DAA9}.Release|Any CPU.Build.0 = Release|Any CPU
		{ED45CF53-A09F-45E8-9208-6A8E0B079027}.Debug|Any CPU.ActiveCfg = Debug|Any CPU
		{ED45CF53-A09F-45E8-9208-6A8E0B079027}.Debug|Any CPU.Build.0 = Debug|Any CPU
		{ED45CF53-A09F-45E8-9208-6A8E0B079027}.Release|Any CPU.ActiveCfg = Release|Any CPU
		{ED45CF53-A09F-45E8-9208-6A8E0B079027}.Release|Any CPU.Build.0 = Release|Any CPU
		{0C26FF79-6A9B-4222-9B57-017901E8179F}.Debug|Any CPU.ActiveCfg = Debug|Any CPU
		{0C26FF79-6A9B-4222-9B57-017901E8179F}.Debug|Any CPU.Build.0 = Debug|Any CPU
		{0C26FF79-6A9B-4222-9B57-017901E8179F}.Release|Any CPU.ActiveCfg = Release|Any CPU
		{0C26FF79-6A9B-4222-9B57-017901E8179F}.Release|Any CPU.Build.0 = Release|Any CPU
	EndGlobalSection
	GlobalSection(SolutionProperties) = preSolution
		HideSolutionNode = FALSE
	EndGlobalSection
EndGlobal
